
Microsoft Visual Studio Solution File, Format Version 12.00
# Visual Studio Version 17
VisualStudioVersion = 17.13.35919.96
MinimumVisualStudioVersion = 10.0.40219.1
Project("{2150E333-8FDC-42A3-9474-1A3956D46DE8}") = "UI", "UI", "{02EA681E-C7D8-13C7-8484-4AC65E1B71E8}"
EndProject
Project("{2150E333-8FDC-42A3-9474-1A3956D46DE8}") = "Backend", "Backend", "{4587A334-65C6-495B-BF6A-3524F354F9AE}"
EndProject
Project("{2150E333-8FDC-42A3-9474-1A3956D46DE8}") = "UnitTest", "UnitTest", "{F22CDAEF-33E6-4D12-9C5C-59FB61293F9E}"
EndProject
Project("{FAE04EC0-301F-11D3-BF4B-00C04F79EFBC}") = "ePizzaHub.UI", "ePizzaHub.UI\ePizzaHub.UI.csproj", "{D2C11982-3C9B-417B-939B-6A73A51034DE}"
EndProject
Project("{2150E333-8FDC-42A3-9474-1A3956D46DE8}") = "API", "API", "{6E5D216B-7FC1-467B-8BEE-9FC84744F345}"
EndProject
Project("{2150E333-8FDC-42A3-9474-1A3956D46DE8}") = "Core", "Core", "{C507CAD2-656D-4EB5-8D64-BC115808C6C1}"
EndProject
Project("{2150E333-8FDC-42A3-9474-1A3956D46DE8}") = "Infrastructure", "Infrastructure", "{AF66FC38-FB9C-434A-8F57-6679B3C271C2}"
EndProject
Project("{FAE04EC0-301F-11D3-BF4B-00C04F79EFBC}") = "ePizzaHub.API", "ePizzaHub.API\ePizzaHub.API.csproj", "{568B2FC0-E66F-4C42-9AA8-02A71690B0FD}"
EndProject
Project("{FAE04EC0-301F-11D3-BF4B-00C04F79EFBC}") = "ePizzaHub.Infrastructure", "ePizzaHub.Infrastructure\ePizzaHub.Infrastructure.csproj", "{A69990E0-1ED9-48D8-B94A-C77825A49277}"
EndProject
Project("{FAE04EC0-301F-11D3-BF4B-00C04F79EFBC}") = "ePizzaHub.Core", "ePizzaHub.Core\ePizzaHub.Core.csproj", "{BFE09053-5D7B-4125-884C-325957A996BB}"
EndProject
Project("{FAE04EC0-301F-11D3-BF4B-00C04F79EFBC}") = "ePizzaHub.Models", "ePizzaHub.Models\ePizzaHub.Models.csproj", "{A8366C81-C64F-4771-83CC-654495775A2E}"
EndProject
Project("{FAE04EC0-301F-11D3-BF4B-00C04F79EFBC}") = "ePizzaHub.Repositories", "ePizzaHub.Repositories\ePizzaHub.Repositories.csproj", "{F5C6665A-A8DB-49D9-BD93-C2B5274C101E}"
EndProject
Global
	GlobalSection(SolutionConfigurationPlatforms) = preSolution
		Debug|Any CPU = Debug|Any CPU
		Release|Any CPU = Release|Any CPU
	EndGlobalSection
	GlobalSection(ProjectConfigurationPlatforms) = postSolution
		{D2C11982-3C9B-417B-939B-6A73A51034DE}.Debug|Any CPU.ActiveCfg = Debug|Any CPU
		{D2C11982-3C9B-417B-939B-6A73A51034DE}.Debug|Any CPU.Build.0 = Debug|Any CPU
		{D2C11982-3C9B-417B-939B-6A73A51034DE}.Release|Any CPU.ActiveCfg = Release|Any CPU
		{D2C11982-3C9B-417B-939B-6A73A51034DE}.Release|Any CPU.Build.0 = Release|Any CPU
		{568B2FC0-E66F-4C42-9AA8-02A71690B0FD}.Debug|Any CPU.ActiveCfg = Debug|Any CPU
		{568B2FC0-E66F-4C42-9AA8-02A71690B0FD}.Debug|Any CPU.Build.0 = Debug|Any CPU
		{568B2FC0-E66F-4C42-9AA8-02A71690B0FD}.Release|Any CPU.ActiveCfg = Release|Any CPU
		{568B2FC0-E66F-4C42-9AA8-02A71690B0FD}.Release|Any CPU.Build.0 = Release|Any CPU
		{A69990E0-1ED9-48D8-B94A-C77825A49277}.Debug|Any CPU.ActiveCfg = Debug|Any CPU
		{A69990E0-1ED9-48D8-B94A-C77825A49277}.Debug|Any CPU.Build.0 = Debug|Any CPU
		{A69990E0-1ED9-48D8-B94A-C77825A49277}.Release|Any CPU.ActiveCfg = Release|Any CPU
		{A69990E0-1ED9-48D8-B94A-C77825A49277}.Release|Any CPU.Build.0 = Release|Any CPU
		{BFE09053-5D7B-4125-884C-325957A996BB}.Debug|Any CPU.ActiveCfg = Debug|Any CPU
		{BFE09053-5D7B-4125-884C-325957A996BB}.Debug|Any CPU.Build.0 = Debug|Any CPU
		{BFE09053-5D7B-4125-884C-325957A996BB}.Release|Any CPU.ActiveCfg = Release|Any CPU
		{BFE09053-5D7B-4125-884C-325957A996BB}.Release|Any CPU.Build.0 = Release|Any CPU
		{A8366C81-C64F-4771-83CC-654495775A2E}.Debug|Any CPU.ActiveCfg = Debug|Any CPU
		{A8366C81-C64F-4771-83CC-654495775A2E}.Debug|Any CPU.Build.0 = Debug|Any CPU
		{A8366C81-C64F-4771-83CC-654495775A2E}.Release|Any CPU.ActiveCfg = Release|Any CPU
		{A8366C81-C64F-4771-83CC-654495775A2E}.Release|Any CPU.Build.0 = Release|Any CPU
		{F5C6665A-A8DB-49D9-BD93-C2B5274C101E}.Debug|Any CPU.ActiveCfg = Debug|Any CPU
		{F5C6665A-A8DB-49D9-BD93-C2B5274C101E}.Debug|Any CPU.Build.0 = Debug|Any CPU
		{F5C6665A-A8DB-49D9-BD93-C2B5274C101E}.Release|Any CPU.ActiveCfg = Release|Any CPU
		{F5C6665A-A8DB-49D9-BD93-C2B5274C101E}.Release|Any CPU.Build.0 = Release|Any CPU
	EndGlobalSection
	GlobalSection(SolutionProperties) = preSolution
		HideSolutionNode = FALSE
	EndGlobalSection
	GlobalSection(NestedProjects) = preSolution
		{D2C11982-3C9B-417B-939B-6A73A51034DE} = {02EA681E-C7D8-13C7-8484-4AC65E1B71E8}
		{6E5D216B-7FC1-467B-8BEE-9FC84744F345} = {4587A334-65C6-495B-BF6A-3524F354F9AE}
		{C507CAD2-656D-4EB5-8D64-BC115808C6C1} = {4587A334-65C6-495B-BF6A-3524F354F9AE}
		{AF66FC38-FB9C-434A-8F57-6679B3C271C2} = {4587A334-65C6-495B-BF6A-3524F354F9AE}
		{568B2FC0-E66F-4C42-9AA8-02A71690B0FD} = {6E5D216B-7FC1-467B-8BEE-9FC84744F345}
		{A69990E0-1ED9-48D8-B94A-C77825A49277} = {AF66FC38-FB9C-434A-8F57-6679B3C271C2}
		{BFE09053-5D7B-4125-884C-325957A996BB} = {C507CAD2-656D-4EB5-8D64-BC115808C6C1}
		{A8366C81-C64F-4771-83CC-654495775A2E} = {C507CAD2-656D-4EB5-8D64-BC115808C6C1}
		{F5C6665A-A8DB-49D9-BD93-C2B5274C101E} = {AF66FC38-FB9C-434A-8F57-6679B3C271C2}
	EndGlobalSection
	GlobalSection(ExtensibilityGlobals) = postSolution
		SolutionGuid = {7F0AFA14-D7DF-438B-A478-0EBDF9603D63}
	EndGlobalSection
EndGlobal
